
Microsoft Visual Studio Solution File, Format Version 12.00
# Visual Studio Version 16
VisualStudioVersion = 16.0.30104.148
MinimumVisualStudioVersion = 10.0.40219.1
Project("{FAE04EC0-301F-11D3-BF4B-00C04F79EFBC}") = "ReactiveApp", "ReactiveApp\ReactiveApp.csproj", "{05766285-132F-4353-8E12-C8838AC04BE9}"
EndProject
Project("{FAE04EC0-301F-11D3-BF4B-00C04F79EFBC}") = "ReactiveApp.UnitTests", "ReactiveApp.UnitTests\ReactiveApp.UnitTests.csproj", "{5D8F1643-9B18-40CF-8A84-630F053F68B3}"
EndProject
Project("{FAE04EC0-301F-11D3-BF4B-00C04F79EFBC}") = "ReactiveConsole", "ReactiveConsole\ReactiveConsole.csproj", "{C466CF4B-1A1C-4CD6-9F0E-9F1CC40EDB62}"
EndProject
Global
	GlobalSection(SolutionConfigurationPlatforms) = preSolution
		Debug|Any CPU = Debug|Any CPU
		Release|Any CPU = Release|Any CPU
	EndGlobalSection
	GlobalSection(ProjectConfigurationPlatforms) = postSolution
		{05766285-132F-4353-8E12-C8838AC04BE9}.Debug|Any CPU.ActiveCfg = Debug|Any CPU
		{05766285-132F-4353-8E12-C8838AC04BE9}.Debug|Any CPU.Build.0 = Debug|Any CPU
		{05766285-132F-4353-8E12-C8838AC04BE9}.Release|Any CPU.ActiveCfg = Release|Any CPU
		{05766285-132F-4353-8E12-C8838AC04BE9}.Release|Any CPU.Build.0 = Release|Any CPU
		{5D8F1643-9B18-40CF-8A84-630F053F68B3}.Debug|Any CPU.ActiveCfg = Debug|Any CPU
		{5D8F1643-9B18-40CF-8A84-630F053F68B3}.Debug|Any CPU.Build.0 = Debug|Any CPU
		{5D8F1643-9B18-40CF-8A84-630F053F68B3}.Release|Any CPU.ActiveCfg = Release|Any CPU
		{5D8F1643-9B18-40CF-8A84-630F053F68B3}.Release|Any CPU.Build.0 = Release|Any CPU
		{C466CF4B-1A1C-4CD6-9F0E-9F1CC40EDB62}.Debug|Any CPU.ActiveCfg = Debug|Any CPU
		{C466CF4B-1A1C-4CD6-9F0E-9F1CC40EDB62}.Debug|Any CPU.Build.0 = Debug|Any CPU
		{C466CF4B-1A1C-4CD6-9F0E-9F1CC40EDB62}.Release|Any CPU.ActiveCfg = Release|Any CPU
		{C466CF4B-1A1C-4CD6-9F0E-9F1CC40EDB62}.Release|Any CPU.Build.0 = Release|Any CPU
	EndGlobalSection
	GlobalSection(SolutionProperties) = preSolution
		HideSolutionNode = FALSE
	EndGlobalSection
	GlobalSection(ExtensibilityGlobals) = postSolution
		SolutionGuid = {F87D4CDC-F27E-4990-AF3C-93EC72401178}
	EndGlobalSection
EndGlobal
